{
  "version": 4,
  "terraform_version": "1.8.3",
  "serial": 33,
  "lineage": "41fdb248-468a-e5d0-a411-a858e96ea944",
  "outputs": {},
  "resources": [
    {
      "mode": "managed",
      "type": "newrelic_one_dashboard",
      "name": "exampledashboard",
      "provider": "provider[\"registry.terraform.io/newrelic/newrelic\"]",
      "instances": [
        {
          "index_key": 0,
          "schema_version": 0,
          "attributes": {
            "account_id": 4268462,
            "description": null,
            "guid": "NDI2ODQ2MnxWSVp8REFTSEJPQVJEfGRhOjU5NTkzMjk",
            "id": "NDI2ODQ2MnxWSVp8REFTSEJPQVJEfGRhOjU5NTkzMjk",
            "name": "Manish Dashboard New",
            "page": [
              {
                "description": "",
                "guid": "NDI2ODQ2MnxWSVp8REFTSEJPQVJEfDE3MjY0NTUz",
                "name": "New Relic Terraform Dashboard",
                "widget_area": [
                  {
                    "colors": [],
                    "column": 5,
                    "facet_show_other_series": false,
                    "height": 3,
                    "id": "244303864",
                    "ignore_time_range": false,
                    "legend_enabled": true,
                    "nrql_query": [
                      {
                        "account_id": 4268462,
                        "query": "SELECT average(diskFreePercent) FROM StorageSample FACET diskUsedBytes since 1 month ago"
                      }
                    ],
                    "null_values": [],
                    "row": 1,
                    "title": "Average cpu percentage in graphical format",
                    "units": [],
                    "width": 4,
                    "y_axis_left_max": 0,
                    "y_axis_left_min": 0
                  }
                ],
                "widget_bar": [
                  {
                    "colors": [],
                    "column": 9,
                    "facet_show_other_series": false,
                    "filter_current_dashboard": false,
                    "height": 3,
                    "id": "244303865",
                    "ignore_time_range": false,
                    "legend_enabled": true,
                    "linked_entity_guids": [],
                    "nrql_query": [
                      {
                        "account_id": 4268462,
                        "query": "SELECT average(diskFreePercent) FROM StorageSample FACET diskUsedBytes since 1 month ago"
                      }
                    ],
                    "null_values": [],
                    "row": 1,
                    "title": "Average disk free percent",
                    "units": [],
                    "width": 4,
                    "y_axis_left_max": 0,
                    "y_axis_left_min": 0
                  },
                  {
                    "colors": [],
                    "column": 1,
                    "facet_show_other_series": false,
                    "filter_current_dashboard": false,
                    "height": 3,
                    "id": "244312168",
                    "ignore_time_range": false,
                    "legend_enabled": true,
                    "linked_entity_guids": [],
                    "nrql_query": [
                      {
                        "account_id": 4268462,
                        "query": "SELECT average(diskFreePercent) FROM StorageSample FACET diskUsedBytes since 1 month ago"
                      }
                    ],
                    "null_values": [],
                    "row": 4,
                    "title": "Average disk free percent II",
                    "units": [],
                    "width": 4,
                    "y_axis_left_max": 0,
                    "y_axis_left_min": 0
                  }
                ],
                "widget_billboard": [
                  {
                    "colors": [],
                    "column": 1,
                    "critical": "",
                    "facet_show_other_series": false,
                    "height": 6,
                    "id": "244303866",
                    "ignore_time_range": false,
                    "legend_enabled": true,
                    "nrql_query": [
                      {
                        "account_id": 4268462,
                        "query": "SELECT average(cpuPercent) from SystemSample since 1 month ago"
                      }
                    ],
                    "null_values": [],
                    "row": 1,
                    "title": "Average CPU Percent",
                    "units": [],
                    "warning": "",
                    "width": 4,
                    "y_axis_left_max": 0,
                    "y_axis_left_min": 0
                  },
                  {
                    "colors": [],
                    "column": 9,
                    "critical": "",
                    "facet_show_other_series": false,
                    "height": 3,
                    "id": "244312169",
                    "ignore_time_range": false,
                    "legend_enabled": true,
                    "nrql_query": [
                      {
                        "account_id": 4268462,
                        "query": "SELECT average(cpuPercent) from SystemSample since 1 month ago"
                      }
                    ],
                    "null_values": [],
                    "row": 3,
                    "title": "Average CPU Percent II",
                    "units": [],
                    "warning": "",
                    "width": 4,
                    "y_axis_left_max": 0,
                    "y_axis_left_min": 0
                  }
                ],
                "widget_bullet": [],
                "widget_funnel": [],
                "widget_heatmap": [],
                "widget_histogram": [],
                "widget_json": [],
                "widget_line": [],
                "widget_log_table": [],
                "widget_markdown": [],
                "widget_pie": [
                  {
                    "colors": [],
                    "column": 5,
                    "facet_show_other_series": false,
                    "filter_current_dashboard": false,
                    "height": 6,
                    "id": "244312170",
                    "ignore_time_range": false,
                    "legend_enabled": true,
                    "linked_entity_guids": [],
                    "nrql_query": [
                      {
                        "account_id": 4268462,
                        "query": "SELECT average(diskFreePercent) FROM StorageSample FACET diskUsedBytes since 1 month ago"
                      }
                    ],
                    "null_values": [],
                    "row": 3,
                    "title": "Average disk free percent using facet ",
                    "units": [],
                    "width": 4,
                    "y_axis_left_max": 0,
                    "y_axis_left_min": 0
                  },
                  {
                    "colors": [],
                    "column": 9,
                    "facet_show_other_series": false,
                    "filter_current_dashboard": false,
                    "height": 3,
                    "id": "244303867",
                    "ignore_time_range": false,
                    "legend_enabled": true,
                    "linked_entity_guids": [],
                    "nrql_query": [
                      {
                        "account_id": 4268462,
                        "query": "SELECT average(diskFreePercent) FROM StorageSample FACET diskUsedBytes since 1 month ago"
                      }
                    ],
                    "null_values": [],
                    "row": 4,
                    "title": "Average disk free percent using facet II ",
                    "units": [],
                    "width": 4,
                    "y_axis_left_max": 0,
                    "y_axis_left_min": 0
                  }
                ],
                "widget_stacked_bar": [],
                "widget_table": []
              }
            ],
            "permalink": "https://one.newrelic.com/redirect/entity/NDI2ODQ2MnxWSVp8REFTSEJPQVJEfGRhOjU5NTkzMjk",
            "permissions": "public_read_only",
            "variable": []
          },
          "sensitive_attributes": [],
          "private": "bnVsbA=="
        }
      ]
    }
  ],
  "check_results": null
}
